
Microsoft Visual Studio Solution File, Format Version 12.00
# Visual Studio Version 16
VisualStudioVersion = 16.0.29102.190
MinimumVisualStudioVersion = 10.0.40219.1
Project("{FAE04EC0-301F-11D3-BF4B-00C04F79EFBC}") = "dnl2k07", "dnl2k07\dnl2k07.csproj", "{23C8CC92-F1D1-414D-B1B7-A6F57E8B2A0F}"
EndProject
Global
	GlobalSection(SolutionConfigurationPlatforms) = preSolution
		Debug|Any CPU = Debug|Any CPU
		Release|Any CPU = Release|Any CPU
	EndGlobalSection
	GlobalSection(ProjectConfigurationPlatforms) = postSolution
		{23C8CC92-F1D1-414D-B1B7-A6F57E8B2A0F}.Debug|Any CPU.ActiveCfg = Debug|Any CPU
		{23C8CC92-F1D1-414D-B1B7-A6F57E8B2A0F}.Debug|Any CPU.Build.0 = Debug|Any CPU
		{23C8CC92-F1D1-414D-B1B7-A6F57E8B2A0F}.Release|Any CPU.ActiveCfg = Release|Any CPU
		{23C8CC92-F1D1-414D-B1B7-A6F57E8B2A0F}.Release|Any CPU.Build.0 = Release|Any CPU
	EndGlobalSection
	GlobalSection(SolutionProperties) = preSolution
		HideSolutionNode = FALSE
	EndGlobalSection
	GlobalSection(ExtensibilityGlobals) = postSolution
		SolutionGuid = {A4E8BA46-5322-4F3B-9901-E184B590DED1}
	EndGlobalSection
EndGlobal
